
Microsoft Visual Studio Solution File, Format Version 12.00
# Visual Studio Version 17
VisualStudioVersion = 17.4.33213.308
MinimumVisualStudioVersion = 10.0.40219.1
Project("{FAE04EC0-301F-11D3-BF4B-00C04F79EFBC}") = "Tema12(6.2)", "Tema12(6.2)\Tema12(6.2).csproj", "{161F4309-F148-463A-9EE7-52D55888E9F7}"
EndProject
Global
	GlobalSection(SolutionConfigurationPlatforms) = preSolution
		Debug|Any CPU = Debug|Any CPU
		Release|Any CPU = Release|Any CPU
	EndGlobalSection
	GlobalSection(ProjectConfigurationPlatforms) = postSolution
		{161F4309-F148-463A-9EE7-52D55888E9F7}.Debug|Any CPU.ActiveCfg = Debug|Any CPU
		{161F4309-F148-463A-9EE7-52D55888E9F7}.Debug|Any CPU.Build.0 = Debug|Any CPU
		{161F4309-F148-463A-9EE7-52D55888E9F7}.Release|Any CPU.ActiveCfg = Release|Any CPU
		{161F4309-F148-463A-9EE7-52D55888E9F7}.Release|Any CPU.Build.0 = Release|Any CPU
	EndGlobalSection
	GlobalSection(SolutionProperties) = preSolution
		HideSolutionNode = FALSE
	EndGlobalSection
	GlobalSection(ExtensibilityGlobals) = postSolution
		SolutionGuid = {871416DF-1184-4B84-9417-D790D8A8B12E}
	EndGlobalSection
EndGlobal
